
Microsoft Visual Studio Solution File, Format Version 12.00
# Visual Studio Version 16
VisualStudioVersion = 16.0.30413.136
MinimumVisualStudioVersion = 10.0.40219.1
Project("{9A19103F-16F7-4668-BE54-9A1E7A4F7556}") = "Backlog Checker", "Backlog Checker\Backlog Checker.csproj", "{C86E6CBE-4BE8-4C49-9EAE-48E94B82223D}"
EndProject
Project("{9A19103F-16F7-4668-BE54-9A1E7A4F7556}") = "DataAccessLayer", "DataAcessLayer\DataAccessLayer.csproj", "{D9AE29D5-0E91-4681-986E-B153B7C1E079}"
	ProjectSection(ProjectDependencies) = postProject
		{A0745865-A1BC-40D3-8295-AFEC34BB935B} = {A0745865-A1BC-40D3-8295-AFEC34BB935B}
	EndProjectSection
EndProject
Project("{9A19103F-16F7-4668-BE54-9A1E7A4F7556}") = "LogicLayer", "LogicLayer\LogicLayer.csproj", "{D5D694E4-CA05-4D03-B8F9-4670D0A66645}"
EndProject
Project("{9A19103F-16F7-4668-BE54-9A1E7A4F7556}") = "ModelsDTO", "ModelsDTO\ModelsDTO.csproj", "{98808EDE-5B2C-4884-A1B7-62A0513020A7}"
EndProject
Project("{9A19103F-16F7-4668-BE54-9A1E7A4F7556}") = "Interfaces", "Interface\Interfaces.csproj", "{A0745865-A1BC-40D3-8295-AFEC34BB935B}"
EndProject
Project("{9A19103F-16F7-4668-BE54-9A1E7A4F7556}") = "DataAccessLayerTest", "DataAccessLayerTest\DataAccessLayerTest.csproj", "{4AA42876-F452-47A5-9359-FE03EEEFD849}"
EndProject
Project("{FAE04EC0-301F-11D3-BF4B-00C04F79EFBC}") = "FactoryLayer", "FactoryLayer\FactoryLayer.csproj", "{46096A59-1C80-4EC5-BC24-E3E90F390F8B}"
EndProject
Project("{FAE04EC0-301F-11D3-BF4B-00C04F79EFBC}") = "BacklogCheckerUnittests", "BacklogCheckerUnittests\BacklogCheckerUnittests.csproj", "{2CF33996-8FE2-46EC-A197-67E76B847AAF}"
EndProject
Global
	GlobalSection(SolutionConfigurationPlatforms) = preSolution
		Debug|Any CPU = Debug|Any CPU
		Release|Any CPU = Release|Any CPU
	EndGlobalSection
	GlobalSection(ProjectConfigurationPlatforms) = postSolution
		{C86E6CBE-4BE8-4C49-9EAE-48E94B82223D}.Debug|Any CPU.ActiveCfg = Debug|Any CPU
		{C86E6CBE-4BE8-4C49-9EAE-48E94B82223D}.Debug|Any CPU.Build.0 = Debug|Any CPU
		{C86E6CBE-4BE8-4C49-9EAE-48E94B82223D}.Release|Any CPU.ActiveCfg = Release|Any CPU
		{C86E6CBE-4BE8-4C49-9EAE-48E94B82223D}.Release|Any CPU.Build.0 = Release|Any CPU
		{D9AE29D5-0E91-4681-986E-B153B7C1E079}.Debug|Any CPU.ActiveCfg = Debug|Any CPU
		{D9AE29D5-0E91-4681-986E-B153B7C1E079}.Debug|Any CPU.Build.0 = Debug|Any CPU
		{D9AE29D5-0E91-4681-986E-B153B7C1E079}.Release|Any CPU.ActiveCfg = Release|Any CPU
		{D9AE29D5-0E91-4681-986E-B153B7C1E079}.Release|Any CPU.Build.0 = Release|Any CPU
		{D5D694E4-CA05-4D03-B8F9-4670D0A66645}.Debug|Any CPU.ActiveCfg = Debug|Any CPU
		{D5D694E4-CA05-4D03-B8F9-4670D0A66645}.Debug|Any CPU.Build.0 = Debug|Any CPU
		{D5D694E4-CA05-4D03-B8F9-4670D0A66645}.Release|Any CPU.ActiveCfg = Release|Any CPU
		{D5D694E4-CA05-4D03-B8F9-4670D0A66645}.Release|Any CPU.Build.0 = Release|Any CPU
		{98808EDE-5B2C-4884-A1B7-62A0513020A7}.Debug|Any CPU.ActiveCfg = Debug|Any CPU
		{98808EDE-5B2C-4884-A1B7-62A0513020A7}.Debug|Any CPU.Build.0 = Debug|Any CPU
		{98808EDE-5B2C-4884-A1B7-62A0513020A7}.Release|Any CPU.ActiveCfg = Release|Any CPU
		{98808EDE-5B2C-4884-A1B7-62A0513020A7}.Release|Any CPU.Build.0 = Release|Any CPU
		{A0745865-A1BC-40D3-8295-AFEC34BB935B}.Debug|Any CPU.ActiveCfg = Debug|Any CPU
		{A0745865-A1BC-40D3-8295-AFEC34BB935B}.Debug|Any CPU.Build.0 = Debug|Any CPU
		{A0745865-A1BC-40D3-8295-AFEC34BB935B}.Release|Any CPU.ActiveCfg = Release|Any CPU
		{A0745865-A1BC-40D3-8295-AFEC34BB935B}.Release|Any CPU.Build.0 = Release|Any CPU
		{4AA42876-F452-47A5-9359-FE03EEEFD849}.Debug|Any CPU.ActiveCfg = Debug|Any CPU
		{4AA42876-F452-47A5-9359-FE03EEEFD849}.Debug|Any CPU.Build.0 = Debug|Any CPU
		{4AA42876-F452-47A5-9359-FE03EEEFD849}.Release|Any CPU.ActiveCfg = Release|Any CPU
		{4AA42876-F452-47A5-9359-FE03EEEFD849}.Release|Any CPU.Build.0 = Release|Any CPU
		{46096A59-1C80-4EC5-BC24-E3E90F390F8B}.Debug|Any CPU.ActiveCfg = Debug|Any CPU
		{46096A59-1C80-4EC5-BC24-E3E90F390F8B}.Debug|Any CPU.Build.0 = Debug|Any CPU
		{46096A59-1C80-4EC5-BC24-E3E90F390F8B}.Release|Any CPU.ActiveCfg = Release|Any CPU
		{46096A59-1C80-4EC5-BC24-E3E90F390F8B}.Release|Any CPU.Build.0 = Release|Any CPU
		{2CF33996-8FE2-46EC-A197-67E76B847AAF}.Debug|Any CPU.ActiveCfg = Debug|Any CPU
		{2CF33996-8FE2-46EC-A197-67E76B847AAF}.Debug|Any CPU.Build.0 = Debug|Any CPU
		{2CF33996-8FE2-46EC-A197-67E76B847AAF}.Release|Any CPU.ActiveCfg = Release|Any CPU
		{2CF33996-8FE2-46EC-A197-67E76B847AAF}.Release|Any CPU.Build.0 = Release|Any CPU
	EndGlobalSection
	GlobalSection(SolutionProperties) = preSolution
		HideSolutionNode = FALSE
	EndGlobalSection
	GlobalSection(ExtensibilityGlobals) = postSolution
		SolutionGuid = {8DB10B60-1B45-4276-923A-E85B3962D06D}
	EndGlobalSection
EndGlobal
